
Microsoft Visual Studio Solution File, Format Version 12.00
# Visual Studio Version 17
VisualStudioVersion = 17.12.35707.178
MinimumVisualStudioVersion = 10.0.40219.1
Project("{2150E333-8FDC-42A3-9474-1A3956D46DE8}") = "Source", "Source", "{90AC4BDE-37E4-4198-B7F8-5205EE0F1286}"
EndProject
Project("{FAE04EC0-301F-11D3-BF4B-00C04F79EFBC}") = "MarketPlace.Application", "Source\MarketPlace.Application\MarketPlace.Application.csproj", "{5581152E-FBC6-41B8-A9D4-7F5A2754850C}"
EndProject
Project("{FAE04EC0-301F-11D3-BF4B-00C04F79EFBC}") = "MarketPlace.Domain", "Source\MarketPlace.Domain\MarketPlace.Domain.csproj", "{344A8099-9770-47AA-AF77-A3DB0E0FA772}"
EndProject
Project("{FAE04EC0-301F-11D3-BF4B-00C04F79EFBC}") = "MarketPlace.Infra.Data", "Source\MarketPlace.Infra.Data\MarketPlace.Infra.Data.csproj", "{CEE9B656-2FA9-4909-AA1F-4ADC87423E67}"
EndProject
Project("{FAE04EC0-301F-11D3-BF4B-00C04F79EFBC}") = "MarketPlace.Infra.IoC", "Source\MarketPlace.Infra.IoC\MarketPlace.Infra.IoC.csproj", "{5442820C-59F1-4F42-A581-970AB3365889}"
EndProject
Project("{FAE04EC0-301F-11D3-BF4B-00C04F79EFBC}") = "MarketPlace.API", "Source\MarketPlace.API\MarketPlace.API.csproj", "{2FBD575D-932A-42B4-A31A-48DF5D8BC492}"
EndProject
Project("{2150E333-8FDC-42A3-9474-1A3956D46DE8}") = "Test", "Test", "{1767DF1F-6005-4921-A76F-C56CEE23D091}"
EndProject
Project("{FAE04EC0-301F-11D3-BF4B-00C04F79EFBC}") = "MarketPlace.Tests", "Test\MarketPlace.Tests\MarketPlace.Tests.csproj", "{EFFB17E5-2EF9-4A99-AC34-E8099894B5EF}"
EndProject
Project("{FAE04EC0-301F-11D3-BF4B-00C04F79EFBC}") = "MarketPlace.Infra.Jwt", "Source\MarketPlace.Infra.Jwt\MarketPlace.Infra.Jwt.csproj", "{5EC8B548-2FA6-4B3C-88AD-5EBD0B4510DA}"
EndProject
Global
	GlobalSection(SolutionConfigurationPlatforms) = preSolution
		Debug|Any CPU = Debug|Any CPU
		Debug|x64 = Debug|x64
		Debug|x86 = Debug|x86
		Release|Any CPU = Release|Any CPU
		Release|x64 = Release|x64
		Release|x86 = Release|x86
	EndGlobalSection
	GlobalSection(ProjectConfigurationPlatforms) = postSolution
		{5581152E-FBC6-41B8-A9D4-7F5A2754850C}.Debug|Any CPU.ActiveCfg = Debug|Any CPU
		{5581152E-FBC6-41B8-A9D4-7F5A2754850C}.Debug|Any CPU.Build.0 = Debug|Any CPU
		{5581152E-FBC6-41B8-A9D4-7F5A2754850C}.Debug|x64.ActiveCfg = Debug|Any CPU
		{5581152E-FBC6-41B8-A9D4-7F5A2754850C}.Debug|x64.Build.0 = Debug|Any CPU
		{5581152E-FBC6-41B8-A9D4-7F5A2754850C}.Debug|x86.ActiveCfg = Debug|Any CPU
		{5581152E-FBC6-41B8-A9D4-7F5A2754850C}.Debug|x86.Build.0 = Debug|Any CPU
		{5581152E-FBC6-41B8-A9D4-7F5A2754850C}.Release|Any CPU.ActiveCfg = Release|Any CPU
		{5581152E-FBC6-41B8-A9D4-7F5A2754850C}.Release|Any CPU.Build.0 = Release|Any CPU
		{5581152E-FBC6-41B8-A9D4-7F5A2754850C}.Release|x64.ActiveCfg = Release|Any CPU
		{5581152E-FBC6-41B8-A9D4-7F5A2754850C}.Release|x64.Build.0 = Release|Any CPU
		{5581152E-FBC6-41B8-A9D4-7F5A2754850C}.Release|x86.ActiveCfg = Release|Any CPU
		{5581152E-FBC6-41B8-A9D4-7F5A2754850C}.Release|x86.Build.0 = Release|Any CPU
		{344A8099-9770-47AA-AF77-A3DB0E0FA772}.Debug|Any CPU.ActiveCfg = Debug|Any CPU
		{344A8099-9770-47AA-AF77-A3DB0E0FA772}.Debug|Any CPU.Build.0 = Debug|Any CPU
		{344A8099-9770-47AA-AF77-A3DB0E0FA772}.Debug|x64.ActiveCfg = Debug|Any CPU
		{344A8099-9770-47AA-AF77-A3DB0E0FA772}.Debug|x64.Build.0 = Debug|Any CPU
		{344A8099-9770-47AA-AF77-A3DB0E0FA772}.Debug|x86.ActiveCfg = Debug|Any CPU
		{344A8099-9770-47AA-AF77-A3DB0E0FA772}.Debug|x86.Build.0 = Debug|Any CPU
		{344A8099-9770-47AA-AF77-A3DB0E0FA772}.Release|Any CPU.ActiveCfg = Release|Any CPU
		{344A8099-9770-47AA-AF77-A3DB0E0FA772}.Release|Any CPU.Build.0 = Release|Any CPU
		{344A8099-9770-47AA-AF77-A3DB0E0FA772}.Release|x64.ActiveCfg = Release|Any CPU
		{344A8099-9770-47AA-AF77-A3DB0E0FA772}.Release|x64.Build.0 = Release|Any CPU
		{344A8099-9770-47AA-AF77-A3DB0E0FA772}.Release|x86.ActiveCfg = Release|Any CPU
		{344A8099-9770-47AA-AF77-A3DB0E0FA772}.Release|x86.Build.0 = Release|Any CPU
		{CEE9B656-2FA9-4909-AA1F-4ADC87423E67}.Debug|Any CPU.ActiveCfg = Debug|Any CPU
		{CEE9B656-2FA9-4909-AA1F-4ADC87423E67}.Debug|Any CPU.Build.0 = Debug|Any CPU
		{CEE9B656-2FA9-4909-AA1F-4ADC87423E67}.Debug|x64.ActiveCfg = Debug|Any CPU
		{CEE9B656-2FA9-4909-AA1F-4ADC87423E67}.Debug|x64.Build.0 = Debug|Any CPU
		{CEE9B656-2FA9-4909-AA1F-4ADC87423E67}.Debug|x86.ActiveCfg = Debug|Any CPU
		{CEE9B656-2FA9-4909-AA1F-4ADC87423E67}.Debug|x86.Build.0 = Debug|Any CPU
		{CEE9B656-2FA9-4909-AA1F-4ADC87423E67}.Release|Any CPU.ActiveCfg = Release|Any CPU
		{CEE9B656-2FA9-4909-AA1F-4ADC87423E67}.Release|Any CPU.Build.0 = Release|Any CPU
		{CEE9B656-2FA9-4909-AA1F-4ADC87423E67}.Release|x64.ActiveCfg = Release|Any CPU
		{CEE9B656-2FA9-4909-AA1F-4ADC87423E67}.Release|x64.Build.0 = Release|Any CPU
		{CEE9B656-2FA9-4909-AA1F-4ADC87423E67}.Release|x86.ActiveCfg = Release|Any CPU
		{CEE9B656-2FA9-4909-AA1F-4ADC87423E67}.Release|x86.Build.0 = Release|Any CPU
		{5442820C-59F1-4F42-A581-970AB3365889}.Debug|Any CPU.ActiveCfg = Debug|Any CPU
		{5442820C-59F1-4F42-A581-970AB3365889}.Debug|Any CPU.Build.0 = Debug|Any CPU
		{5442820C-59F1-4F42-A581-970AB3365889}.Debug|x64.ActiveCfg = Debug|Any CPU
		{5442820C-59F1-4F42-A581-970AB3365889}.Debug|x64.Build.0 = Debug|Any CPU
		{5442820C-59F1-4F42-A581-970AB3365889}.Debug|x86.ActiveCfg = Debug|Any CPU
		{5442820C-59F1-4F42-A581-970AB3365889}.Debug|x86.Build.0 = Debug|Any CPU
		{5442820C-59F1-4F42-A581-970AB3365889}.Release|Any CPU.ActiveCfg = Release|Any CPU
		{5442820C-59F1-4F42-A581-970AB3365889}.Release|Any CPU.Build.0 = Release|Any CPU
		{5442820C-59F1-4F42-A581-970AB3365889}.Release|x64.ActiveCfg = Release|Any CPU
		{5442820C-59F1-4F42-A581-970AB3365889}.Release|x64.Build.0 = Release|Any CPU
		{5442820C-59F1-4F42-A581-970AB3365889}.Release|x86.ActiveCfg = Release|Any CPU
		{5442820C-59F1-4F42-A581-970AB3365889}.Release|x86.Build.0 = Release|Any CPU
		{2FBD575D-932A-42B4-A31A-48DF5D8BC492}.Debug|Any CPU.ActiveCfg = Debug|Any CPU
		{2FBD575D-932A-42B4-A31A-48DF5D8BC492}.Debug|Any CPU.Build.0 = Debug|Any CPU
		{2FBD575D-932A-42B4-A31A-48DF5D8BC492}.Debug|x64.ActiveCfg = Debug|Any CPU
		{2FBD575D-932A-42B4-A31A-48DF5D8BC492}.Debug|x64.Build.0 = Debug|Any CPU
		{2FBD575D-932A-42B4-A31A-48DF5D8BC492}.Debug|x86.ActiveCfg = Debug|Any CPU
		{2FBD575D-932A-42B4-A31A-48DF5D8BC492}.Debug|x86.Build.0 = Debug|Any CPU
		{2FBD575D-932A-42B4-A31A-48DF5D8BC492}.Release|Any CPU.ActiveCfg = Release|Any CPU
		{2FBD575D-932A-42B4-A31A-48DF5D8BC492}.Release|Any CPU.Build.0 = Release|Any CPU
		{2FBD575D-932A-42B4-A31A-48DF5D8BC492}.Release|x64.ActiveCfg = Release|Any CPU
		{2FBD575D-932A-42B4-A31A-48DF5D8BC492}.Release|x64.Build.0 = Release|Any CPU
		{2FBD575D-932A-42B4-A31A-48DF5D8BC492}.Release|x86.ActiveCfg = Release|Any CPU
		{2FBD575D-932A-42B4-A31A-48DF5D8BC492}.Release|x86.Build.0 = Release|Any CPU
		{EFFB17E5-2EF9-4A99-AC34-E8099894B5EF}.Debug|Any CPU.ActiveCfg = Debug|Any CPU
		{EFFB17E5-2EF9-4A99-AC34-E8099894B5EF}.Debug|Any CPU.Build.0 = Debug|Any CPU
		{EFFB17E5-2EF9-4A99-AC34-E8099894B5EF}.Debug|x64.ActiveCfg = Debug|Any CPU
		{EFFB17E5-2EF9-4A99-AC34-E8099894B5EF}.Debug|x64.Build.0 = Debug|Any CPU
		{EFFB17E5-2EF9-4A99-AC34-E8099894B5EF}.Debug|x86.ActiveCfg = Debug|Any CPU
		{EFFB17E5-2EF9-4A99-AC34-E8099894B5EF}.Debug|x86.Build.0 = Debug|Any CPU
		{EFFB17E5-2EF9-4A99-AC34-E8099894B5EF}.Release|Any CPU.ActiveCfg = Release|Any CPU
		{EFFB17E5-2EF9-4A99-AC34-E8099894B5EF}.Release|Any CPU.Build.0 = Release|Any CPU
		{EFFB17E5-2EF9-4A99-AC34-E8099894B5EF}.Release|x64.ActiveCfg = Release|Any CPU
		{EFFB17E5-2EF9-4A99-AC34-E8099894B5EF}.Release|x64.Build.0 = Release|Any CPU
		{EFFB17E5-2EF9-4A99-AC34-E8099894B5EF}.Release|x86.ActiveCfg = Release|Any CPU
		{EFFB17E5-2EF9-4A99-AC34-E8099894B5EF}.Release|x86.Build.0 = Release|Any CPU
		{5EC8B548-2FA6-4B3C-88AD-5EBD0B4510DA}.Debug|Any CPU.ActiveCfg = Debug|Any CPU
		{5EC8B548-2FA6-4B3C-88AD-5EBD0B4510DA}.Debug|Any CPU.Build.0 = Debug|Any CPU
		{5EC8B548-2FA6-4B3C-88AD-5EBD0B4510DA}.Debug|x64.ActiveCfg = Debug|Any CPU
		{5EC8B548-2FA6-4B3C-88AD-5EBD0B4510DA}.Debug|x64.Build.0 = Debug|Any CPU
		{5EC8B548-2FA6-4B3C-88AD-5EBD0B4510DA}.Debug|x86.ActiveCfg = Debug|Any CPU
		{5EC8B548-2FA6-4B3C-88AD-5EBD0B4510DA}.Debug|x86.Build.0 = Debug|Any CPU
		{5EC8B548-2FA6-4B3C-88AD-5EBD0B4510DA}.Release|Any CPU.ActiveCfg = Release|Any CPU
		{5EC8B548-2FA6-4B3C-88AD-5EBD0B4510DA}.Release|Any CPU.Build.0 = Release|Any CPU
		{5EC8B548-2FA6-4B3C-88AD-5EBD0B4510DA}.Release|x64.ActiveCfg = Release|Any CPU
		{5EC8B548-2FA6-4B3C-88AD-5EBD0B4510DA}.Release|x64.Build.0 = Release|Any CPU
		{5EC8B548-2FA6-4B3C-88AD-5EBD0B4510DA}.Release|x86.ActiveCfg = Release|Any CPU
		{5EC8B548-2FA6-4B3C-88AD-5EBD0B4510DA}.Release|x86.Build.0 = Release|Any CPU
	EndGlobalSection
	GlobalSection(SolutionProperties) = preSolution
		HideSolutionNode = FALSE
	EndGlobalSection
	GlobalSection(NestedProjects) = preSolution
		{5581152E-FBC6-41B8-A9D4-7F5A2754850C} = {90AC4BDE-37E4-4198-B7F8-5205EE0F1286}
		{344A8099-9770-47AA-AF77-A3DB0E0FA772} = {90AC4BDE-37E4-4198-B7F8-5205EE0F1286}
		{CEE9B656-2FA9-4909-AA1F-4ADC87423E67} = {90AC4BDE-37E4-4198-B7F8-5205EE0F1286}
		{5442820C-59F1-4F42-A581-970AB3365889} = {90AC4BDE-37E4-4198-B7F8-5205EE0F1286}
		{2FBD575D-932A-42B4-A31A-48DF5D8BC492} = {90AC4BDE-37E4-4198-B7F8-5205EE0F1286}
		{EFFB17E5-2EF9-4A99-AC34-E8099894B5EF} = {1767DF1F-6005-4921-A76F-C56CEE23D091}
		{5EC8B548-2FA6-4B3C-88AD-5EBD0B4510DA} = {90AC4BDE-37E4-4198-B7F8-5205EE0F1286}
	EndGlobalSection
EndGlobal
